<?xml version="1.0" encoding="UTF-8" standalone="yes" ?>
<CodeBlocks_project_file>
	<FileVersion major="1" minor="6" />
	<Project>
		<Option title="Sokoban" />
		<Option pch_mode="2" />
		<Option compiler="gcc" />
		<Build>
			<Target title="Debug-Linux">
				<Option platforms="Unix;" />
				<Option output="bin/Debug/Sokoban" prefix_auto="1" extension_auto="1" />
				<Option working_dir="bin/Debug/" />
				<Option object_output="obj/Debug/" />
				<Option type="1" />
				<Option compiler="gcc" />
				<Compiler>
					<Add option="-Wunreachable-code" />
					<Add option="-Wmain" />
					<Add option="-Wextra" />
					<Add option="-Wall" />
					<Add option="-m64" />
					<Add option="-g" />
					<Add option="-std=c++11" />
				</Compiler>
				<Linker>
					<Add option="-O2" />
					<Add option="-m64" />
					<Add library="SDL2_gfx" />
					<Add library="SDL2_image" />
					<Add library="SDL2_mixer" />
					<Add library="SDL2_net" />
					<Add library="SDL2_ttf" />
					<Add library="SDL2" />
					<Add library="boost_date_time" />
					<Add library="boost_filesystem" />
					<Add library="boost_locale" />
					<Add library="boost_log" />
					<Add library="boost_log_setup" />
					<Add library="boost_system" />
					<Add library="boost_thread" />
					<Add library="pthread" />
					<Add directory="/usr/lib64" />
				</Linker>
				<ExtraCommands>
					<Add before="mkdir -p $(TARGET_OUTPUT_DIR)" />
					<Add before="ln -sf $(PROJECT_DIR)src/assets $(TARGET_OUTPUT_DIR)" />
					<Mode after="always" />
				</ExtraCommands>
			</Target>
			<Target title="Release-Linux">
				<Option platforms="Unix;" />
				<Option output="bin/Release/Sokoban" prefix_auto="1" extension_auto="1" />
				<Option working_dir="bin/Release/" />
				<Option object_output="obj/Release/" />
				<Option type="1" />
				<Option compiler="gcc" />
				<Compiler>
					<Add option="-O2" />
					<Add directory="src/core/" />
					<Add directory="src/core" />
				</Compiler>
				<Linker>
					<Add option="-s" />
				</Linker>
			</Target>
		</Build>
		<Compiler>
			<Add option="-Wall" />
		</Compiler>
		<Unit filename="Makefile.am" />
		<Unit filename="configure.ac" />
		<Unit filename="src/Makefile.am" />
		<Unit filename="src/core/Makefile.am" />
		<Unit filename="src/core/actor.cpp" />
		<Unit filename="src/core/actor.hpp" />
		<Unit filename="src/core/board.cpp" />
		<Unit filename="src/core/board.hpp" />
		<Unit filename="src/core/box.cpp" />
		<Unit filename="src/core/box.hpp" />
		<Unit filename="src/core/movable.cpp" />
		<Unit filename="src/core/movable.hpp" />
		<Unit filename="src/core/platform.cpp" />
		<Unit filename="src/core/platform.hpp" />
		<Unit filename="src/core/player.cpp" />
		<Unit filename="src/core/player.hpp" />
		<Unit filename="src/core/wall.cpp" />
		<Unit filename="src/core/wall.hpp" />
		<Unit filename="src/main.cpp" />
		<Unit filename="src/main.hpp" />
		<Extensions />
	</Project>
</CodeBlocks_project_file>
